Microsoft Visual Studio Solution File, Format Version 12.00
# Visual Studio Version 17
VisualStudioVersion = 17.5.2.0
MinimumVisualStudioVersion = 10.0.40219.1
Project("{FAE04EC0-301F-11D3-BF4B-00C04F79EFBC}") = "Mcp.Dev.Server", "Mcp.Dev.Server\Mcp.Dev.Server.csproj", "{7D9B2867-A3EC-D787-BC93-326D84E4F91D}"
EndProject
Project("{2150E333-8FDC-42A3-9474-1A3956D46DE8}") = "src", "src", "{8B749FF2-5B43-4C81-9815-34F4BFD456D4}"
EndProject
Project("{FAE04EC0-301F-11D3-BF4B-00C04F79EFBC}") = "LoginValidationLibrary", "src\LoginValidationLibrary\LoginValidationLibrary.csproj", "{1C7510F1-717C-4CF6-BD1E-4D306B9A869D}"
EndProject
Project("{2150E333-8FDC-42A3-9474-1A3956D46DE8}") = "tests", "tests", "{2A97C890-B1F4-4979-A8C8-D34D98D59E3F}"
EndProject
Project("{FAE04EC0-301F-11D3-BF4B-00C04F79EFBC}") = "LoginValidationTests", "tests\LoginValidationTests\LoginValidationTests.csproj", "{E233E235-2931-48A4-9072-9CCF296CED56}"
EndProject
Global
	GlobalSection(SolutionConfigurationPlatforms) = preSolution
		Debug|Any CPU = Debug|Any CPU
		Release|Any CPU = Release|Any CPU
	EndGlobalSection
	GlobalSection(ProjectConfigurationPlatforms) = postSolution
		{7D9B2867-A3EC-D787-BC93-326D84E4F91D}.Debug|Any CPU.ActiveCfg = Debug|Any CPU
		{7D9B2867-A3EC-D787-BC93-326D84E4F91D}.Debug|Any CPU.Build.0 = Debug|Any CPU
		{7D9B2867-A3EC-D787-BC93-326D84E4F91D}.Release|Any CPU.ActiveCfg = Release|Any CPU
		{7D9B2867-A3EC-D787-BC93-326D84E4F91D}.Release|Any CPU.Build.0 = Release|Any CPU
		{1C7510F1-717C-4CF6-BD1E-4D306B9A869D}.Debug|Any CPU.ActiveCfg = Debug|Any CPU
		{1C7510F1-717C-4CF6-BD1E-4D306B9A869D}.Debug|Any CPU.Build.0 = Debug|Any CPU
		{1C7510F1-717C-4CF6-BD1E-4D306B9A869D}.Release|Any CPU.ActiveCfg = Release|Any CPU
		{1C7510F1-717C-4CF6-BD1E-4D306B9A869D}.Release|Any CPU.Build.0 = Release|Any CPU
		{E233E235-2931-48A4-9072-9CCF296CED56}.Debug|Any CPU.ActiveCfg = Debug|Any CPU
		{E233E235-2931-48A4-9072-9CCF296CED56}.Debug|Any CPU.Build.0 = Debug|Any CPU
		{E233E235-2931-48A4-9072-9CCF296CED56}.Release|Any CPU.ActiveCfg = Release|Any CPU
		{E233E235-2931-48A4-9072-9CCF296CED56}.Release|Any CPU.Build.0 = Release|Any CPU
	EndGlobalSection
	GlobalSection(SolutionProperties) = preSolution
		HideSolutionNode = FALSE
	EndGlobalSection
	GlobalSection(ExtensibilityGlobals) = postSolution
		SolutionGuid = {AFDB48A1-3819-4FD7-A134-63C4D0158BC7}
	EndGlobalSection
	GlobalSection(NestedProjects) = preSolution
		{1C7510F1-717C-4CF6-BD1E-4D306B9A869D} = {8B749FF2-5B43-4C81-9815-34F4BFD456D4}
		{E233E235-2931-48A4-9072-9CCF296CED56} = {2A97C890-B1F4-4979-A8C8-D34D98D59E3F}
	EndGlobalSection
EndGlobal
